// !$*UTF8*$!
{
	archiveVersion = 1;
	classes = {
	};
	objectVersion = 45;
	objects = {

/* Begin PBXBuildFile section */
		1D3623260D0F684500981E51 /* AppKitAppDelegate.m in Sources */ = {isa = PBXBuildFile; fileRef = 1D3623250D0F684500981E51 /* AppKitAppDelegate.m */; };
		1D60589B0D05DD56006BFB54 /* main.m in Sources */ = {isa = PBXBuildFile; fileRef = 29B97316FDCFA39411CA2CEA /* main.m */; };
		1D60589F0D05DD5A006BFB54 /* Foundation.framework in Frameworks */ = {isa = PBXBuildFile; fileRef = 1D30AB110D05D00D00671497 /* Foundation.framework */; };
		1DF5F4E00D08C38300B7A737 /* UIKit.framework in Frameworks */ = {isa = PBXBuildFile; fileRef = 1DF5F4DF0D08C38300B7A737 /* UIKit.framework */; };
		288765FD0DF74451002DB57D /* CoreGraphics.framework in Frameworks */ = {isa = PBXBuildFile; fileRef = 288765FC0DF74451002DB57D /* CoreGraphics.framework */; };
		28AD733F0D9D9553002E5188 /* MainWindow.xib in Resources */ = {isa = PBXBuildFile; fileRef = 28AD733E0D9D9553002E5188 /* MainWindow.xib */; };
		9A289FEC1321E1B000CB5C68 /* GHUnitIOS.framework in Frameworks */ = {isa = PBXBuildFile; fileRef = 9AEE86D31321B34E009D90EE /* GHUnitIOS.framework */; };
		9A28A01F1321E2E500CB5C68 /* GHUnitIOSTestMain.m in Sources */ = {isa = PBXBuildFile; fileRef = 9A28A01D1321E2E500CB5C68 /* GHUnitIOSTestMain.m */; };
		9A28A03E1321E38C00CB5C68 /* ItShouldHaveSections.m in Sources */ = {isa = PBXBuildFile; fileRef = 9A28A03D1321E38C00CB5C68 /* ItShouldHaveSections.m */; };
		9A28A0E11321EDE900CB5C68 /* libsqlite3.dylib in Frameworks */ = {isa = PBXBuildFile; fileRef = 9AC3FBE213208D250065FC50 /* libsqlite3.dylib */; };
		9A28A0F01321EECD00CB5C68 /* DataAccess.m in Sources */ = {isa = PBXBuildFile; fileRef = 9AC3FC3913208F4D0065FC50 /* DataAccess.m */; };
		9A28A0F41321EEDF00CB5C68 /* FMDatabase.m in Sources */ = {isa = PBXBuildFile; fileRef = 9AC3FBE613208D3D0065FC50 /* FMDatabase.m */; };
		9A28A0F51321EEE000CB5C68 /* FMDatabaseAdditions.m in Sources */ = {isa = PBXBuildFile; fileRef = 9AC3FBE813208D3D0065FC50 /* FMDatabaseAdditions.m */; };
		9A28A0F61321EEE600CB5C68 /* FMResultSet.m in Sources */ = {isa = PBXBuildFile; fileRef = 9AC3FBEB13208D3D0065FC50 /* FMResultSet.m */; };
		9A28A1151321F06600CB5C68 /* AppKit.app in Resources */ = {isa = PBXBuildFile; fileRef = 1D6058910D05DD3D006BFB54 /* AppKit.app */; };
		9A28A1161321F06700CB5C68 /* appkit.db in Resources */ = {isa = PBXBuildFile; fileRef = 9AC3FBDE13208D040065FC50 /* appkit.db */; };
		9AC3FBDF13208D040065FC50 /* appkit.db in Resources */ = {isa = PBXBuildFile; fileRef = 9AC3FBDE13208D040065FC50 /* appkit.db */; };
		9AC3FBE313208D250065FC50 /* libsqlite3.dylib in Frameworks */ = {isa = PBXBuildFile; fileRef = 9AC3FBE213208D250065FC50 /* libsqlite3.dylib */; };
		9AC3FBEC13208D3D0065FC50 /* FMDatabase.m in Sources */ = {isa = PBXBuildFile; fileRef = 9AC3FBE613208D3D0065FC50 /* FMDatabase.m */; };
		9AC3FBED13208D3D0065FC50 /* FMDatabaseAdditions.m in Sources */ = {isa = PBXBuildFile; fileRef = 9AC3FBE813208D3D0065FC50 /* FMDatabaseAdditions.m */; };
		9AC3FBEF13208D3D0065FC50 /* FMResultSet.m in Sources */ = {isa = PBXBuildFile; fileRef = 9AC3FBEB13208D3D0065FC50 /* FMResultSet.m */; };
		9AC3FC0413208E2C0065FC50 /* MainViewController.m in Sources */ = {isa = PBXBuildFile; fileRef = 9AC3FC0313208E2C0065FC50 /* MainViewController.m */; };
		9AC3FC3A13208F4D0065FC50 /* DataAccess.m in Sources */ = {isa = PBXBuildFile; fileRef = 9AC3FC3913208F4D0065FC50 /* DataAccess.m */; };
		9AC3FDF81320ADBA0065FC50 /* button_center_light_gray.png in Resources */ = {isa = PBXBuildFile; fileRef = 9AC3FDF71320ADBA0065FC50 /* button_center_light_gray.png */; };
		9AEE86991321B11F009D90EE /* CoreGraphics.framework in Frameworks */ = {isa = PBXBuildFile; fileRef = 288765FC0DF74451002DB57D /* CoreGraphics.framework */; };
		9AEE869A1321B11F009D90EE /* Foundation.framework in Frameworks */ = {isa = PBXBuildFile; fileRef = 1D30AB110D05D00D00671497 /* Foundation.framework */; };
		9AEE869B1321B11F009D90EE /* UIKit.framework in Frameworks */ = {isa = PBXBuildFile; fileRef = 1DF5F4DF0D08C38300B7A737 /* UIKit.framework */; };
/* End PBXBuildFile section */

/* Begin PBXContainerItemProxy section */
		9A28A0DF1321EDDC00CB5C68 /* PBXContainerItemProxy */ = {
			isa = PBXContainerItemProxy;
			containerPortal = 29B97313FDCFA39411CA2CEA /* Project object */;
			proxyType = 1;
			remoteGlobalIDString = 1D6058900D05DD3D006BFB54 /* AppKit */;
			remoteInfo = AppKit;
		};
/* End PBXContainerItemProxy section */

/* Begin PBXFileReference section */
		1D30AB110D05D00D00671497 /* Foundation.framework */ = {isa = PBXFileReference; lastKnownFileType = wrapper.framework; name = Foundation.framework; path = System/Library/Frameworks/Foundation.framework; sourceTree = SDKROOT; };
		1D3623240D0F684500981E51 /* AppKitAppDelegate.h */ = {isa = PBXFileReference; fileEncoding = 4; lastKnownFileType = sourcecode.c.h; path = AppKitAppDelegate.h; sourceTree = "<group>"; };
		1D3623250D0F684500981E51 /* AppKitAppDelegate.m */ = {isa = PBXFileReference; fileEncoding = 4; lastKnownFileType = sourcecode.c.objc; path = AppKitAppDelegate.m; sourceTree = "<group>"; };
		1D6058910D05DD3D006BFB54 /* AppKit.app */ = {isa = PBXFileReference; explicitFileType = wrapper.application; includeInIndex = 0; path = AppKit.app; sourceTree = BUILT_PRODUCTS_DIR; };
		1DF5F4DF0D08C38300B7A737 /* UIKit.framework */ = {isa = PBXFileReference; lastKnownFileType = wrapper.framework; name = UIKit.framework; path = System/Library/Frameworks/UIKit.framework; sourceTree = SDKROOT; };
		288765FC0DF74451002DB57D /* CoreGraphics.framework */ = {isa = PBXFileReference; lastKnownFileType = wrapper.framework; name = CoreGraphics.framework; path = System/Library/Frameworks/CoreGraphics.framework; sourceTree = SDKROOT; };
		28AD733E0D9D9553002E5188 /* MainWindow.xib */ = {isa = PBXFileReference; lastKnownFileType = file.xib; path = MainWindow.xib; sourceTree = "<group>"; };
		29B97316FDCFA39411CA2CEA /* main.m */ = {isa = PBXFileReference; fileEncoding = 4; lastKnownFileType = sourcecode.c.objc; path = main.m; sourceTree = "<group>"; };
		32CA4F630368D1EE00C91783 /* AppKit_Prefix.pch */ = {isa = PBXFileReference; fileEncoding = 4; lastKnownFileType = sourcecode.c.h; path = AppKit_Prefix.pch; sourceTree = "<group>"; };
		8D1107310486CEB800E47090 /* AppKit-Info.plist */ = {isa = PBXFileReference; fileEncoding = 4; lastKnownFileType = text.plist.xml; path = "AppKit-Info.plist"; plistStructureDefinitionIdentifier = "com.apple.xcode.plist.structure-definition.iphone.info-plist"; sourceTree = "<group>"; };
		9A28A01D1321E2E500CB5C68 /* GHUnitIOSTestMain.m */ = {isa = PBXFileReference; fileEncoding = 4; lastKnownFileType = sourcecode.c.objc; name = GHUnitIOSTestMain.m; path = UnitTests/GHUnitIOSTestMain.m; sourceTree = "<group>"; };
		9A28A03D1321E38C00CB5C68 /* ItShouldHaveSections.m */ = {isa = PBXFileReference; fileEncoding = 4; lastKnownFileType = sourcecode.c.objc; name = ItShouldHaveSections.m; path = UnitTests/ItShouldHaveSections.m; sourceTree = "<group>"; };
		9AC3FBDD13208CBB0065FC50 /* ApplicationConstants.h */ = {isa = PBXFileReference; fileEncoding = 4; lastKnownFileType = sourcecode.c.h; path = ApplicationConstants.h; sourceTree = "<group>"; };
		9AC3FBDE13208D040065FC50 /* appkit.db */ = {isa = PBXFileReference; lastKnownFileType = file; path = appkit.db; sourceTree = SOURCE_ROOT; };
		9AC3FBE213208D250065FC50 /* libsqlite3.dylib */ = {isa = PBXFileReference; lastKnownFileType = "compiled.mach-o.dylib"; name = libsqlite3.dylib; path = usr/lib/libsqlite3.dylib; sourceTree = SDKROOT; };
		9AC3FBE513208D3D0065FC50 /* FMDatabase.h */ = {isa = PBXFileReference; fileEncoding = 4; lastKnownFileType = sourcecode.c.h; name = FMDatabase.h; path = ../../fmdb/src/FMDatabase.h; sourceTree = SOURCE_ROOT; };
		9AC3FBE613208D3D0065FC50 /* FMDatabase.m */ = {isa = PBXFileReference; fileEncoding = 4; lastKnownFileType = sourcecode.c.objc; name = FMDatabase.m; path = ../../fmdb/src/FMDatabase.m; sourceTree = SOURCE_ROOT; };
		9AC3FBE713208D3D0065FC50 /* FMDatabaseAdditions.h */ = {isa = PBXFileReference; fileEncoding = 4; lastKnownFileType = sourcecode.c.h; name = FMDatabaseAdditions.h; path = ../../fmdb/src/FMDatabaseAdditions.h; sourceTree = SOURCE_ROOT; };
		9AC3FBE813208D3D0065FC50 /* FMDatabaseAdditions.m */ = {isa = PBXFileReference; fileEncoding = 4; lastKnownFileType = sourcecode.c.objc; name = FMDatabaseAdditions.m; path = ../../fmdb/src/FMDatabaseAdditions.m; sourceTree = SOURCE_ROOT; };
		9AC3FBEA13208D3D0065FC50 /* FMResultSet.h */ = {isa = PBXFileReference; fileEncoding = 4; lastKnownFileType = sourcecode.c.h; name = FMResultSet.h; path = ../../fmdb/src/FMResultSet.h; sourceTree = SOURCE_ROOT; };
		9AC3FBEB13208D3D0065FC50 /* FMResultSet.m */ = {isa = PBXFileReference; fileEncoding = 4; lastKnownFileType = sourcecode.c.objc; name = FMResultSet.m; path = ../../fmdb/src/FMResultSet.m; sourceTree = SOURCE_ROOT; };
		9AC3FC0213208E2C0065FC50 /* MainViewController.h */ = {isa = PBXFileReference; fileEncoding = 4; lastKnownFileType = sourcecode.c.h; path = MainViewController.h; sourceTree = "<group>"; };
		9AC3FC0313208E2C0065FC50 /* MainViewController.m */ = {isa = PBXFileReference; fileEncoding = 4; lastKnownFileType = sourcecode.c.objc; path = MainViewController.m; sourceTree = "<group>"; };
		9AC3FC3813208F4D0065FC50 /* DataAccess.h */ = {isa = PBXFileReference; fileEncoding = 4; lastKnownFileType = sourcecode.c.h; path = DataAccess.h; sourceTree = "<group>"; };
		9AC3FC3913208F4D0065FC50 /* DataAccess.m */ = {isa = PBXFileReference; fileEncoding = 4; lastKnownFileType = sourcecode.c.objc; path = DataAccess.m; sourceTree = "<group>"; };
		9AC3FDF71320ADBA0065FC50 /* button_center_light_gray.png */ = {isa = PBXFileReference; lastKnownFileType = image.png; name = button_center_light_gray.png; path = Resources/images/buttons/button_center_light_gray.png; sourceTree = SOURCE_ROOT; };
		9AEE86911321B0E9009D90EE /* UnitTests.app */ = {isa = PBXFileReference; explicitFileType = wrapper.application; includeInIndex = 0; path = UnitTests.app; sourceTree = BUILT_PRODUCTS_DIR; };
		9AEE86931321B0E9009D90EE /* UnitTests-Info.plist */ = {isa = PBXFileReference; lastKnownFileType = text.plist.xml; path = "UnitTests-Info.plist"; sourceTree = "<group>"; };
		9AEE86D31321B34E009D90EE /* GHUnitIOS.framework */ = {isa = PBXFileReference; lastKnownFileType = wrapper.framework; name = GHUnitIOS.framework; path = /Volumes/rupert/projects/iphone/GHUnitIOS.framework; sourceTree = "<absolute>"; };
/* End PBXFileReference section */

/* Begin PBXFrameworksBuildPhase section */
		1D60588F0D05DD3D006BFB54 /* Frameworks */ = {
			isa = PBXFrameworksBuildPhase;
			buildActionMask = 2147483647;
			files = (
				1D60589F0D05DD5A006BFB54 /* Foundation.framework in Frameworks */,
				1DF5F4E00D08C38300B7A737 /* UIKit.framework in Frameworks */,
				288765FD0DF74451002DB57D /* CoreGraphics.framework in Frameworks */,
				9AC3FBE313208D250065FC50 /* libsqlite3.dylib in Frameworks */,
			);
			runOnlyForDeploymentPostprocessing = 0;
		};
		9AEE868F1321B0E9009D90EE /* Frameworks */ = {
			isa = PBXFrameworksBuildPhase;
			buildActionMask = 2147483647;
			files = (
				9AEE86991321B11F009D90EE /* CoreGraphics.framework in Frameworks */,
				9AEE869A1321B11F009D90EE /* Foundation.framework in Frameworks */,
				9AEE869B1321B11F009D90EE /* UIKit.framework in Frameworks */,
				9A289FEC1321E1B000CB5C68 /* GHUnitIOS.framework in Frameworks */,
				9A28A0E11321EDE900CB5C68 /* libsqlite3.dylib in Frameworks */,
			);
			runOnlyForDeploymentPostprocessing = 0;
		};
/* End PBXFrameworksBuildPhase section */

/* Begin PBXGroup section */
		080E96DDFE201D6D7F000001 /* Classes */ = {
			isa = PBXGroup;
			children = (
				9A28A03C1321E35000CB5C68 /* Models */,
				9A28A03B1321E34800CB5C68 /* ViewControllers */,
				9AC3FBDD13208CBB0065FC50 /* ApplicationConstants.h */,
				1D3623240D0F684500981E51 /* AppKitAppDelegate.h */,
				1D3623250D0F684500981E51 /* AppKitAppDelegate.m */,
			);
			path = Classes;
			sourceTree = "<group>";
		};
		19C28FACFE9D520D11CA2CBB /* Products */ = {
			isa = PBXGroup;
			children = (
				1D6058910D05DD3D006BFB54 /* AppKit.app */,
				9AEE86911321B0E9009D90EE /* UnitTests.app */,
			);
			name = Products;
			sourceTree = "<group>";
		};
		29B97314FDCFA39411CA2CEA /* CustomTemplate */ = {
			isa = PBXGroup;
			children = (
				9AEE868A1321B0BF009D90EE /* UnitTests */,
				9AC3FBE413208D3D0065FC50 /* fmdb */,
				080E96DDFE201D6D7F000001 /* Classes */,
				29B97315FDCFA39411CA2CEA /* Other Sources */,
				29B97317FDCFA39411CA2CEA /* Resources */,
				29B97323FDCFA39411CA2CEA /* Frameworks */,
				19C28FACFE9D520D11CA2CBB /* Products */,
			);
			name = CustomTemplate;
			sourceTree = "<group>";
		};
		29B97315FDCFA39411CA2CEA /* Other Sources */ = {
			isa = PBXGroup;
			children = (
				32CA4F630368D1EE00C91783 /* AppKit_Prefix.pch */,
				29B97316FDCFA39411CA2CEA /* main.m */,
			);
			name = "Other Sources";
			sourceTree = "<group>";
		};
		29B97317FDCFA39411CA2CEA /* Resources */ = {
			isa = PBXGroup;
			children = (
				9AC3FDF51320ADBA0065FC50 /* images */,
				9AC3FBDE13208D040065FC50 /* appkit.db */,
				28AD733E0D9D9553002E5188 /* MainWindow.xib */,
				8D1107310486CEB800E47090 /* AppKit-Info.plist */,
			);
			name = Resources;
			sourceTree = "<group>";
		};
		29B97323FDCFA39411CA2CEA /* Frameworks */ = {
			isa = PBXGroup;
			children = (
				1DF5F4DF0D08C38300B7A737 /* UIKit.framework */,
				1D30AB110D05D00D00671497 /* Foundation.framework */,
				288765FC0DF74451002DB57D /* CoreGraphics.framework */,
				9AC3FBE213208D250065FC50 /* libsqlite3.dylib */,
			);
			name = Frameworks;
			sourceTree = "<group>";
		};
		9A28A03B1321E34800CB5C68 /* ViewControllers */ = {
			isa = PBXGroup;
			children = (
				9AC3FC0213208E2C0065FC50 /* MainViewController.h */,
				9AC3FC0313208E2C0065FC50 /* MainViewController.m */,
			);
			name = ViewControllers;
			sourceTree = "<group>";
		};
		9A28A03C1321E35000CB5C68 /* Models */ = {
			isa = PBXGroup;
			children = (
				9AC3FC3813208F4D0065FC50 /* DataAccess.h */,
				9AC3FC3913208F4D0065FC50 /* DataAccess.m */,
			);
			name = Models;
			sourceTree = "<group>";
		};
		9A28A14D1321F89100CB5C68 /* Frameworks */ = {
			isa = PBXGroup;
			children = (
				9AEE86D31321B34E009D90EE /* GHUnitIOS.framework */,
			);
			name = Frameworks;
			sourceTree = "<group>";
		};
		9AC3FBE413208D3D0065FC50 /* fmdb */ = {
			isa = PBXGroup;
			children = (
				9AC3FBE513208D3D0065FC50 /* FMDatabase.h */,
				9AC3FBE613208D3D0065FC50 /* FMDatabase.m */,
				9AC3FBE713208D3D0065FC50 /* FMDatabaseAdditions.h */,
				9AC3FBE813208D3D0065FC50 /* FMDatabaseAdditions.m */,
				9AC3FBEA13208D3D0065FC50 /* FMResultSet.h */,
				9AC3FBEB13208D3D0065FC50 /* FMResultSet.m */,
			);
			name = fmdb;
			path = ../../fmdb/src;
			sourceTree = SOURCE_ROOT;
		};
		9AC3FDF51320ADBA0065FC50 /* images */ = {
			isa = PBXGroup;
			children = (
				9AC3FDF61320ADBA0065FC50 /* buttons */,
			);
			name = images;
			path = Resources/images;
			sourceTree = SOURCE_ROOT;
		};
		9AC3FDF61320ADBA0065FC50 /* buttons */ = {
			isa = PBXGroup;
			children = (
				9AC3FDF71320ADBA0065FC50 /* button_center_light_gray.png */,
			);
			name = buttons;
			path = Resources/images/buttons;
			sourceTree = SOURCE_ROOT;
		};
		9AEE868A1321B0BF009D90EE /* UnitTests */ = {
			isa = PBXGroup;
			children = (
				9A28A14D1321F89100CB5C68 /* Frameworks */,
				9A28A01D1321E2E500CB5C68 /* GHUnitIOSTestMain.m */,
				9A28A03D1321E38C00CB5C68 /* ItShouldHaveSections.m */,
				9AEE86931321B0E9009D90EE /* UnitTests-Info.plist */,
			);
			name = UnitTests;
			sourceTree = "<group>";
		};
/* End PBXGroup section */

/* Begin PBXNativeTarget section */
		1D6058900D05DD3D006BFB54 /* AppKit */ = {
			isa = PBXNativeTarget;
			buildConfigurationList = 1D6058960D05DD3E006BFB54 /* Build configuration list for PBXNativeTarget "AppKit" */;
			buildPhases = (
				1D60588D0D05DD3D006BFB54 /* Resources */,
				1D60588E0D05DD3D006BFB54 /* Sources */,
				1D60588F0D05DD3D006BFB54 /* Frameworks */,
			);
			buildRules = (
			);
			dependencies = (
			);
			name = AppKit;
			productName = AppKit;
			productReference = 1D6058910D05DD3D006BFB54 /* AppKit.app */;
			productType = "com.apple.product-type.application";
		};
		9AEE86901321B0E9009D90EE /* UnitTests */ = {
			isa = PBXNativeTarget;
			buildConfigurationList = 9AEE86961321B0E9009D90EE /* Build configuration list for PBXNativeTarget "UnitTests" */;
			buildPhases = (
				9AEE868D1321B0E9009D90EE /* Resources */,
				9AEE868E1321B0E9009D90EE /* Sources */,
				9AEE868F1321B0E9009D90EE /* Frameworks */,
			);
			buildRules = (
			);
			dependencies = (
				9A28A0E01321EDDC00CB5C68 /* PBXTargetDependency */,
			);
			name = UnitTests;
			productName = UnitTests;
			productReference = 9AEE86911321B0E9009D90EE /* UnitTests.app */;
			productType = "com.apple.product-type.application";
		};
/* End PBXNativeTarget section */

/* Begin PBXProject section */
		29B97313FDCFA39411CA2CEA /* Project object */ = {
			isa = PBXProject;
			buildConfigurationList = C01FCF4E08A954540054247B /* Build configuration list for PBXProject "AppKit" */;
			compatibilityVersion = "Xcode 3.1";
			developmentRegion = English;
			hasScannedForEncodings = 1;
			knownRegions = (
				English,
				Japanese,
				French,
				German,
			);
			mainGroup = 29B97314FDCFA39411CA2CEA /* CustomTemplate */;
			projectDirPath = "";
			projectRoot = "";
			targets = (
				1D6058900D05DD3D006BFB54 /* AppKit */,
				9AEE86901321B0E9009D90EE /* UnitTests */,
			);
		};
/* End PBXProject section */

/* Begin PBXResourcesBuildPhase section */
		1D60588D0D05DD3D006BFB54 /* Resources */ = {
			isa = PBXResourcesBuildPhase;
			buildActionMask = 2147483647;
			files = (
				28AD733F0D9D9553002E5188 /* MainWindow.xib in Resources */,
				9AC3FBDF13208D040065FC50 /* appkit.db in Resources */,
				9AC3FDF81320ADBA0065FC50 /* button_center_light_gray.png in Resources */,
			);
			runOnlyForDeploymentPostprocessing = 0;
		};
		9AEE868D1321B0E9009D90EE /* Resources */ = {
			isa = PBXResourcesBuildPhase;
			buildActionMask = 2147483647;
			files = (
				9A28A1151321F06600CB5C68 /* AppKit.app in Resources */,
				9A28A1161321F06700CB5C68 /* appkit.db in Resources */,
			);
			runOnlyForDeploymentPostprocessing = 0;
		};
/* End PBXResourcesBuildPhase section */

/* Begin PBXSourcesBuildPhase section */
		1D60588E0D05DD3D006BFB54 /* Sources */ = {
			isa = PBXSourcesBuildPhase;
			buildActionMask = 2147483647;
			files = (
				1D60589B0D05DD56006BFB54 /* main.m in Sources */,
				1D3623260D0F684500981E51 /* AppKitAppDelegate.m in Sources */,
				9AC3FBEC13208D3D0065FC50 /* FMDatabase.m in Sources */,
				9AC3FBED13208D3D0065FC50 /* FMDatabaseAdditions.m in Sources */,
				9AC3FBEF13208D3D0065FC50 /* FMResultSet.m in Sources */,
				9AC3FC0413208E2C0065FC50 /* MainViewController.m in Sources */,
				9AC3FC3A13208F4D0065FC50 /* DataAccess.m in Sources */,
			);
			runOnlyForDeploymentPostprocessing = 0;
		};
		9AEE868E1321B0E9009D90EE /* Sources */ = {
			isa = PBXSourcesBuildPhase;
			buildActionMask = 2147483647;
			files = (
				9A28A01F1321E2E500CB5C68 /* GHUnitIOSTestMain.m in Sources */,
				9A28A03E1321E38C00CB5C68 /* ItShouldHaveSections.m in Sources */,
				9A28A0F01321EECD00CB5C68 /* DataAccess.m in Sources */,
				9A28A0F41321EEDF00CB5C68 /* FMDatabase.m in Sources */,
				9A28A0F51321EEE000CB5C68 /* FMDatabaseAdditions.m in Sources */,
				9A28A0F61321EEE600CB5C68 /* FMResultSet.m in Sources */,
			);
			runOnlyForDeploymentPostprocessing = 0;
		};
/* End PBXSourcesBuildPhase section */

/* Begin PBXTargetDependency section */
		9A28A0E01321EDDC00CB5C68 /* PBXTargetDependency */ = {
			isa = PBXTargetDependency;
			target = 1D6058900D05DD3D006BFB54 /* AppKit */;
			targetProxy = 9A28A0DF1321EDDC00CB5C68 /* PBXContainerItemProxy */;
		};
/* End PBXTargetDependency section */

/* Begin XCBuildConfiguration section */
		1D6058940D05DD3E006BFB54 /* Debug */ = {
			isa = XCBuildConfiguration;
			buildSettings = {
				ALWAYS_SEARCH_USER_PATHS = NO;
				COPY_PHASE_STRIP = NO;
				GCC_DYNAMIC_NO_PIC = NO;
				GCC_OPTIMIZATION_LEVEL = 0;
				GCC_PRECOMPILE_PREFIX_HEADER = YES;
				GCC_PREFIX_HEADER = AppKit_Prefix.pch;
				INFOPLIST_FILE = "AppKit-Info.plist";
				PRODUCT_NAME = AppKit;
			};
			name = Debug;
		};
		1D6058950D05DD3E006BFB54 /* Release */ = {
			isa = XCBuildConfiguration;
			buildSettings = {
				ALWAYS_SEARCH_USER_PATHS = NO;
				COPY_PHASE_STRIP = YES;
				GCC_PRECOMPILE_PREFIX_HEADER = YES;
				GCC_PREFIX_HEADER = AppKit_Prefix.pch;
				INFOPLIST_FILE = "AppKit-Info.plist";
				PRODUCT_NAME = AppKit;
				VALIDATE_PRODUCT = YES;
			};
			name = Release;
		};
		9AEE86941321B0E9009D90EE /* Debug */ = {
			isa = XCBuildConfiguration;
			buildSettings = {
				ALWAYS_SEARCH_USER_PATHS = NO;
				CODE_SIGN_IDENTITY = "iPhone Developer";
				COPY_PHASE_STRIP = NO;
				FRAMEWORK_SEARCH_PATHS = (
					"$(inherited)",
					"\"$(SRCROOT)/../..\"",
				);
				GCC_DYNAMIC_NO_PIC = NO;
				GCC_OPTIMIZATION_LEVEL = 0;
				GCC_PRECOMPILE_PREFIX_HEADER = YES;
				GCC_PREFIX_HEADER = "$(SYSTEM_LIBRARY_DIR)/Frameworks/UIKit.framework/Headers/UIKit.h";
				INFOPLIST_FILE = "UnitTests-Info.plist";
				INSTALL_PATH = "$(HOME)/Applications";
				OTHER_LDFLAGS = (
					"-all_load",
					"-ObjC",
					"-framework",
					Foundation,
					"-framework",
					UIKit,
				);
				PREBINDING = NO;
				PRODUCT_NAME = UnitTests;
				SDKROOT = iphoneos;
			};
			name = Debug;
		};
		9AEE86951321B0E9009D90EE /* Release */ = {
			isa = XCBuildConfiguration;
			buildSettings = {
				ALWAYS_SEARCH_USER_PATHS = NO;
				CODE_SIGN_IDENTITY = "iPhone Developer";
				COPY_PHASE_STRIP = YES;
				DEBUG_INFORMATION_FORMAT = "dwarf-with-dsym";
				FRAMEWORK_SEARCH_PATHS = (
					"$(inherited)",
					"\"$(SRCROOT)/../..\"",
				);
				GCC_ENABLE_FIX_AND_CONTINUE = NO;
				GCC_PRECOMPILE_PREFIX_HEADER = YES;
				GCC_PREFIX_HEADER = "$(SYSTEM_LIBRARY_DIR)/Frameworks/UIKit.framework/Headers/UIKit.h";
				INFOPLIST_FILE = "UnitTests-Info.plist";
				INSTALL_PATH = "$(HOME)/Applications";
				OTHER_LDFLAGS = (
					"-framework",
					Foundation,
					"-framework",
					UIKit,
				);
				PREBINDING = NO;
				PRODUCT_NAME = UnitTests;
				SDKROOT = iphoneos;
				ZERO_LINK = NO;
			};
			name = Release;
		};
		C01FCF4F08A954540054247B /* Debug */ = {
			isa = XCBuildConfiguration;
			buildSettings = {
				ARCHS = "$(ARCHS_STANDARD_32_BIT)";
				"CODE_SIGN_IDENTITY[sdk=iphoneos*]" = "iPhone Developer";
				GCC_C_LANGUAGE_STANDARD = c99;
				GCC_WARN_ABOUT_RETURN_TYPE = YES;
				GCC_WARN_UNUSED_VARIABLE = YES;
				PREBINDING = NO;
				SDKROOT = iphoneos;
			};
			name = Debug;
		};
		C01FCF5008A954540054247B /* Release */ = {
			isa = XCBuildConfiguration;
			buildSettings = {
				ARCHS = "$(ARCHS_STANDARD_32_BIT)";
				"CODE_SIGN_IDENTITY[sdk=iphoneos*]" = "iPhone Developer";
				GCC_C_LANGUAGE_STANDARD = c99;
				GCC_WARN_ABOUT_RETURN_TYPE = YES;
				GCC_WARN_UNUSED_VARIABLE = YES;
				OTHER_CFLAGS = "-DNS_BLOCK_ASSERTIONS=1";
				PREBINDING = NO;
				SDKROOT = iphoneos;
			};
			name = Release;
		};
/* End XCBuildConfiguration section */

/* Begin XCConfigurationList section */
		1D6058960D05DD3E006BFB54 /* Build configuration list for PBXNativeTarget "AppKit" */ = {
			isa = XCConfigurationList;
			buildConfigurations = (
				1D6058940D05DD3E006BFB54 /* Debug */,
				1D6058950D05DD3E006BFB54 /* Release */,
			);
			defaultConfigurationIsVisible = 0;
			defaultConfigurationName = Release;
		};
		9AEE86961321B0E9009D90EE /* Build configuration list for PBXNativeTarget "UnitTests" */ = {
			isa = XCConfigurationList;
			buildConfigurations = (
				9AEE86941321B0E9009D90EE /* Debug */,
				9AEE86951321B0E9009D90EE /* Release */,
			);
			defaultConfigurationIsVisible = 0;
			defaultConfigurationName = Release;
		};
		C01FCF4E08A954540054247B /* Build configuration list for PBXProject "AppKit" */ = {
			isa = XCConfigurationList;
			buildConfigurations = (
				C01FCF4F08A954540054247B /* Debug */,
				C01FCF5008A954540054247B /* Release */,
			);
			defaultConfigurationIsVisible = 0;
			defaultConfigurationName = Release;
		};
/* End XCConfigurationList section */
	};
	rootObject = 29B97313FDCFA39411CA2CEA /* Project object */;
}
